
Microsoft Visual Studio Solution File, Format Version 12.00
# Visual Studio Version 17
VisualStudioVersion = 17.8.34309.116
MinimumVisualStudioVersion = 10.0.40219.1
Project("{FAE04EC0-301F-11D3-BF4B-00C04F79EFBC}") = "SignalRApi", "SignalRApi\SignalRApi.csproj", "{031D60BF-80C0-4B13-9426-1E1D3F449F95}"
EndProject
Project("{FAE04EC0-301F-11D3-BF4B-00C04F79EFBC}") = "SignalRWebUI", "SignalRWebUI\SignalRWebUI.csproj", "{F3943C56-2CCC-418A-AC4D-1C59B6C51ABC}"
EndProject
Project("{FAE04EC0-301F-11D3-BF4B-00C04F79EFBC}") = "SignalR.EntityLayer", "SignalR.EntityLayer\SignalR.EntityLayer.csproj", "{A7F8EF15-A4A4-4E75-8250-93E6AFB25FE5}"
EndProject
Global
	GlobalSection(SolutionConfigurationPlatforms) = preSolution
		Debug|Any CPU = Debug|Any CPU
		Release|Any CPU = Release|Any CPU
	EndGlobalSection
	GlobalSection(ProjectConfigurationPlatforms) = postSolution
		{031D60BF-80C0-4B13-9426-1E1D3F449F95}.Debug|Any CPU.ActiveCfg = Debug|Any CPU
		{031D60BF-80C0-4B13-9426-1E1D3F449F95}.Debug|Any CPU.Build.0 = Debug|Any CPU
		{031D60BF-80C0-4B13-9426-1E1D3F449F95}.Release|Any CPU.ActiveCfg = Release|Any CPU
		{031D60BF-80C0-4B13-9426-1E1D3F449F95}.Release|Any CPU.Build.0 = Release|Any CPU
		{F3943C56-2CCC-418A-AC4D-1C59B6C51ABC}.Debug|Any CPU.ActiveCfg = Debug|Any CPU
		{F3943C56-2CCC-418A-AC4D-1C59B6C51ABC}.Debug|Any CPU.Build.0 = Debug|Any CPU
		{F3943C56-2CCC-418A-AC4D-1C59B6C51ABC}.Release|Any CPU.ActiveCfg = Release|Any CPU
		{F3943C56-2CCC-418A-AC4D-1C59B6C51ABC}.Release|Any CPU.Build.0 = Release|Any CPU
		{A7F8EF15-A4A4-4E75-8250-93E6AFB25FE5}.Debug|Any CPU.ActiveCfg = Debug|Any CPU
		{A7F8EF15-A4A4-4E75-8250-93E6AFB25FE5}.Debug|Any CPU.Build.0 = Debug|Any CPU
		{A7F8EF15-A4A4-4E75-8250-93E6AFB25FE5}.Release|Any CPU.ActiveCfg = Release|Any CPU
		{A7F8EF15-A4A4-4E75-8250-93E6AFB25FE5}.Release|Any CPU.Build.0 = Release|Any CPU
	EndGlobalSection
	GlobalSection(SolutionProperties) = preSolution
		HideSolutionNode = FALSE
	EndGlobalSection
	GlobalSection(ExtensibilityGlobals) = postSolution
		SolutionGuid = {2FB0972C-DD7C-479E-8EE9-8A47FAAA1D00}
	EndGlobalSection
EndGlobal
