
Microsoft Visual Studio Solution File, Format Version 12.00
# Visual Studio Version 17
VisualStudioVersion = 17.8.34309.116
MinimumVisualStudioVersion = 10.0.40219.1
Project("{FAE04EC0-301F-11D3-BF4B-00C04F79EFBC}") = "SignalRApi", "SignalRApi\SignalRApi.csproj", "{031D60BF-80C0-4B13-9426-1E1D3F449F95}"
EndProject
Project("{FAE04EC0-301F-11D3-BF4B-00C04F79EFBC}") = "SignalRWebUI", "SignalRWebUI\SignalRWebUI.csproj", "{F3943C56-2CCC-418A-AC4D-1C59B6C51ABC}"
EndProject
Project("{FAE04EC0-301F-11D3-BF4B-00C04F79EFBC}") = "SignalR.EntityLayer", "SignalR.EntityLayer\SignalR.EntityLayer.csproj", "{A7F8EF15-A4A4-4E75-8250-93E6AFB25FE5}"
EndProject
Project("{FAE04EC0-301F-11D3-BF4B-00C04F79EFBC}") = "SignalR.DataAccessLayer", "SignalR.DataAccessLayer\SignalR.DataAccessLayer.csproj", "{2F151085-318A-48D4-A473-9F80A3A1E0C1}"
EndProject
Project("{FAE04EC0-301F-11D3-BF4B-00C04F79EFBC}") = "SignalR.DtoLayer", "SignalR.DtoLayer\SignalR.DtoLayer.csproj", "{E58E77A5-DFE4-4AFE-B7F8-E67949CB10E0}"
EndProject
Project("{FAE04EC0-301F-11D3-BF4B-00C04F79EFBC}") = "SignalR.BusinessLayer", "SignalR.BusinessLayer\SignalR.BusinessLayer.csproj", "{2378B4C3-ADA4-4F62-BB73-B07EFD37AE9F}"
EndProject
Project("{2150E333-8FDC-42A3-9474-1A3956D46DE8}") = "Solution Items", "Solution Items", "{B0AA95E8-2C50-4DBE-900B-5A6D9D57BBE9}"
	ProjectSection(SolutionItems) = preProject
		README.md = README.md
	EndProjectSection
EndProject
Global
	GlobalSection(SolutionConfigurationPlatforms) = preSolution
		Debug|Any CPU = Debug|Any CPU
		Release|Any CPU = Release|Any CPU
	EndGlobalSection
	GlobalSection(ProjectConfigurationPlatforms) = postSolution
		{031D60BF-80C0-4B13-9426-1E1D3F449F95}.Debug|Any CPU.ActiveCfg = Debug|Any CPU
		{031D60BF-80C0-4B13-9426-1E1D3F449F95}.Debug|Any CPU.Build.0 = Debug|Any CPU
		{031D60BF-80C0-4B13-9426-1E1D3F449F95}.Release|Any CPU.ActiveCfg = Release|Any CPU
		{031D60BF-80C0-4B13-9426-1E1D3F449F95}.Release|Any CPU.Build.0 = Release|Any CPU
		{F3943C56-2CCC-418A-AC4D-1C59B6C51ABC}.Debug|Any CPU.ActiveCfg = Debug|Any CPU
		{F3943C56-2CCC-418A-AC4D-1C59B6C51ABC}.Debug|Any CPU.Build.0 = Debug|Any CPU
		{F3943C56-2CCC-418A-AC4D-1C59B6C51ABC}.Release|Any CPU.ActiveCfg = Release|Any CPU
		{F3943C56-2CCC-418A-AC4D-1C59B6C51ABC}.Release|Any CPU.Build.0 = Release|Any CPU
		{A7F8EF15-A4A4-4E75-8250-93E6AFB25FE5}.Debug|Any CPU.ActiveCfg = Debug|Any CPU
		{A7F8EF15-A4A4-4E75-8250-93E6AFB25FE5}.Debug|Any CPU.Build.0 = Debug|Any CPU
		{A7F8EF15-A4A4-4E75-8250-93E6AFB25FE5}.Release|Any CPU.ActiveCfg = Release|Any CPU
		{A7F8EF15-A4A4-4E75-8250-93E6AFB25FE5}.Release|Any CPU.Build.0 = Release|Any CPU
		{2F151085-318A-48D4-A473-9F80A3A1E0C1}.Debug|Any CPU.ActiveCfg = Debug|Any CPU
		{2F151085-318A-48D4-A473-9F80A3A1E0C1}.Debug|Any CPU.Build.0 = Debug|Any CPU
		{2F151085-318A-48D4-A473-9F80A3A1E0C1}.Release|Any CPU.ActiveCfg = Release|Any CPU
		{2F151085-318A-48D4-A473-9F80A3A1E0C1}.Release|Any CPU.Build.0 = Release|Any CPU
		{E58E77A5-DFE4-4AFE-B7F8-E67949CB10E0}.Debug|Any CPU.ActiveCfg = Debug|Any CPU
		{E58E77A5-DFE4-4AFE-B7F8-E67949CB10E0}.Debug|Any CPU.Build.0 = Debug|Any CPU
		{E58E77A5-DFE4-4AFE-B7F8-E67949CB10E0}.Release|Any CPU.ActiveCfg = Release|Any CPU
		{E58E77A5-DFE4-4AFE-B7F8-E67949CB10E0}.Release|Any CPU.Build.0 = Release|Any CPU
		{2378B4C3-ADA4-4F62-BB73-B07EFD37AE9F}.Debug|Any CPU.ActiveCfg = Debug|Any CPU
		{2378B4C3-ADA4-4F62-BB73-B07EFD37AE9F}.Debug|Any CPU.Build.0 = Debug|Any CPU
		{2378B4C3-ADA4-4F62-BB73-B07EFD37AE9F}.Release|Any CPU.ActiveCfg = Release|Any CPU
		{2378B4C3-ADA4-4F62-BB73-B07EFD37AE9F}.Release|Any CPU.Build.0 = Release|Any CPU
	EndGlobalSection
	GlobalSection(SolutionProperties) = preSolution
		HideSolutionNode = FALSE
	EndGlobalSection
	GlobalSection(ExtensibilityGlobals) = postSolution
		SolutionGuid = {2FB0972C-DD7C-479E-8EE9-8A47FAAA1D00}
	EndGlobalSection
EndGlobal
